// !$*UTF8*$!
{
	archiveVersion = 1;
	classes = {
	};
	objectVersion = 55;
	objects = {

/* Begin PBXBuildFile section */
		8FF7D03427F3C2E7003CBE1D /* GoDev.docc in Sources */ = {isa = PBXBuildFile; fileRef = 8FF7D03327F3C2E7003CBE1D /* GoDev.docc */; };
		8FF7D03A27F3C2E7003CBE1D /* GoDev.framework in Frameworks */ = {isa = PBXBuildFile; fileRef = 8FF7D02F27F3C2E7003CBE1D /* GoDev.framework */; };
		8FF7D03F27F3C2E7003CBE1D /* GoDevTests.swift in Sources */ = {isa = PBXBuildFile; fileRef = 8FF7D03E27F3C2E7003CBE1D /* GoDevTests.swift */; };
		8FF7D04027F3C2E7003CBE1D /* GoDev.h in Headers */ = {isa = PBXBuildFile; fileRef = 8FF7D03227F3C2E7003CBE1D /* GoDev.h */; settings = {ATTRIBUTES = (Public, ); }; };
		8FF7D05027F3C425003CBE1D /* AppDelegate.swift in Sources */ = {isa = PBXBuildFile; fileRef = 8FF7D04F27F3C425003CBE1D /* AppDelegate.swift */; };
		8FF7D05227F3C425003CBE1D /* SceneDelegate.swift in Sources */ = {isa = PBXBuildFile; fileRef = 8FF7D05127F3C425003CBE1D /* SceneDelegate.swift */; };
		8FF7D05427F3C425003CBE1D /* ViewController.swift in Sources */ = {isa = PBXBuildFile; fileRef = 8FF7D05327F3C425003CBE1D /* ViewController.swift */; };
		8FF7D05927F3C427003CBE1D /* Assets.xcassets in Resources */ = {isa = PBXBuildFile; fileRef = 8FF7D05827F3C427003CBE1D /* Assets.xcassets */; };
		8FF7D05C27F3C427003CBE1D /* LaunchScreen.storyboard in Resources */ = {isa = PBXBuildFile; fileRef = 8FF7D05A27F3C427003CBE1D /* LaunchScreen.storyboard */; };
		8FF7D06427F3C5DE003CBE1D /* GoDevButton.swift in Sources */ = {isa = PBXBuildFile; fileRef = 8FF7D06327F3C5DE003CBE1D /* GoDevButton.swift */; };
		8FF7D06627F3C65D003CBE1D /* GoDev.framework in Frameworks */ = {isa = PBXBuildFile; fileRef = 8FF7D02F27F3C2E7003CBE1D /* GoDev.framework */; platformFilter = ios; };
		8FF7D06727F3C65D003CBE1D /* GoDev.framework in Embed Frameworks */ = {isa = PBXBuildFile; fileRef = 8FF7D02F27F3C2E7003CBE1D /* GoDev.framework */; settings = {ATTRIBUTES = (CodeSignOnCopy, RemoveHeadersOnCopy, ); }; };
		8FF7D06D27F3D1CE003CBE1D /* GoDevView.swift in Sources */ = {isa = PBXBuildFile; fileRef = 8FF7D06C27F3D1CE003CBE1D /* GoDevView.swift */; };
/* End PBXBuildFile section */

/* Begin PBXContainerItemProxy section */
		8FF7D03B27F3C2E7003CBE1D /* PBXContainerItemProxy */ = {
			isa = PBXContainerItemProxy;
			containerPortal = 8FF7D02627F3C2E7003CBE1D /* Project object */;
			proxyType = 1;
			remoteGlobalIDString = 8FF7D02E27F3C2E7003CBE1D;
			remoteInfo = GoDev;
		};
		8FF7D06827F3C65D003CBE1D /* PBXContainerItemProxy */ = {
			isa = PBXContainerItemProxy;
			containerPortal = 8FF7D02627F3C2E7003CBE1D /* Project object */;
			proxyType = 1;
			remoteGlobalIDString = 8FF7D02E27F3C2E7003CBE1D;
			remoteInfo = GoDev;
		};
/* End PBXContainerItemProxy section */

/* Begin PBXCopyFilesBuildPhase section */
		8FF7D06A27F3C65D003CBE1D /* Embed Frameworks */ = {
			isa = PBXCopyFilesBuildPhase;
			buildActionMask = 2147483647;
			dstPath = "";
			dstSubfolderSpec = 10;
			files = (
				8FF7D06727F3C65D003CBE1D /* GoDev.framework in Embed Frameworks */,
			);
			name = "Embed Frameworks";
			runOnlyForDeploymentPostprocessing = 0;
		};
/* End PBXCopyFilesBuildPhase section */

/* Begin PBXFileReference section */
		8FF7D02F27F3C2E7003CBE1D /* GoDev.framework */ = {isa = PBXFileReference; explicitFileType = wrapper.framework; includeInIndex = 0; path = GoDev.framework; sourceTree = BUILT_PRODUCTS_DIR; };
		8FF7D03227F3C2E7003CBE1D /* GoDev.h */ = {isa = PBXFileReference; lastKnownFileType = sourcecode.c.h; path = GoDev.h; sourceTree = "<group>"; };
		8FF7D03327F3C2E7003CBE1D /* GoDev.docc */ = {isa = PBXFileReference; lastKnownFileType = folder.documentationcatalog; path = GoDev.docc; sourceTree = "<group>"; };
		8FF7D03927F3C2E7003CBE1D /* GoDevTests.xctest */ = {isa = PBXFileReference; explicitFileType = wrapper.cfbundle; includeInIndex = 0; path = GoDevTests.xctest; sourceTree = BUILT_PRODUCTS_DIR; };
		8FF7D03E27F3C2E7003CBE1D /* GoDevTests.swift */ = {isa = PBXFileReference; lastKnownFileType = sourcecode.swift; path = GoDevTests.swift; sourceTree = "<group>"; };
		8FF7D04D27F3C425003CBE1D /* GoDevDemo.app */ = {isa = PBXFileReference; explicitFileType = wrapper.application; includeInIndex = 0; path = GoDevDemo.app; sourceTree = BUILT_PRODUCTS_DIR; };
		8FF7D04F27F3C425003CBE1D /* AppDelegate.swift */ = {isa = PBXFileReference; lastKnownFileType = sourcecode.swift; path = AppDelegate.swift; sourceTree = "<group>"; };
		8FF7D05127F3C425003CBE1D /* SceneDelegate.swift */ = {isa = PBXFileReference; lastKnownFileType = sourcecode.swift; path = SceneDelegate.swift; sourceTree = "<group>"; };
		8FF7D05327F3C425003CBE1D /* ViewController.swift */ = {isa = PBXFileReference; lastKnownFileType = sourcecode.swift; path = ViewController.swift; sourceTree = "<group>"; };
		8FF7D05827F3C427003CBE1D /* Assets.xcassets */ = {isa = PBXFileReference; lastKnownFileType = folder.assetcatalog; path = Assets.xcassets; sourceTree = "<group>"; };
		8FF7D05B27F3C427003CBE1D /* Base */ = {isa = PBXFileReference; lastKnownFileType = file.storyboard; name = Base; path = Base.lproj/LaunchScreen.storyboard; sourceTree = "<group>"; };
		8FF7D05D27F3C427003CBE1D /* Info.plist */ = {isa = PBXFileReference; lastKnownFileType = text.plist.xml; path = Info.plist; sourceTree = "<group>"; };
		8FF7D06327F3C5DE003CBE1D /* GoDevButton.swift */ = {isa = PBXFileReference; lastKnownFileType = sourcecode.swift; path = GoDevButton.swift; sourceTree = "<group>"; };
		8FF7D06C27F3D1CE003CBE1D /* GoDevView.swift */ = {isa = PBXFileReference; lastKnownFileType = sourcecode.swift; path = GoDevView.swift; sourceTree = "<group>"; };
/* End PBXFileReference section */

/* Begin PBXFrameworksBuildPhase section */
		8FF7D02C27F3C2E7003CBE1D /* Frameworks */ = {
			isa = PBXFrameworksBuildPhase;
			buildActionMask = 2147483647;
			files = (
			);
			runOnlyForDeploymentPostprocessing = 0;
		};
		8FF7D03627F3C2E7003CBE1D /* Frameworks */ = {
			isa = PBXFrameworksBuildPhase;
			buildActionMask = 2147483647;
			files = (
				8FF7D03A27F3C2E7003CBE1D /* GoDev.framework in Frameworks */,
			);
			runOnlyForDeploymentPostprocessing = 0;
		};
		8FF7D04A27F3C425003CBE1D /* Frameworks */ = {
			isa = PBXFrameworksBuildPhase;
			buildActionMask = 2147483647;
			files = (
				8FF7D06627F3C65D003CBE1D /* GoDev.framework in Frameworks */,
			);
			runOnlyForDeploymentPostprocessing = 0;
		};
/* End PBXFrameworksBuildPhase section */

/* Begin PBXGroup section */
		8FF7D02527F3C2E7003CBE1D = {
			isa = PBXGroup;
			children = (
				8FF7D03127F3C2E7003CBE1D /* GoDev */,
				8FF7D03D27F3C2E7003CBE1D /* GoDevTests */,
				8FF7D04E27F3C425003CBE1D /* GoDevDemo */,
				8FF7D03027F3C2E7003CBE1D /* Products */,
				8FF7D06527F3C65D003CBE1D /* Frameworks */,
			);
			sourceTree = "<group>";
		};
		8FF7D03027F3C2E7003CBE1D /* Products */ = {
			isa = PBXGroup;
			children = (
				8FF7D02F27F3C2E7003CBE1D /* GoDev.framework */,
				8FF7D03927F3C2E7003CBE1D /* GoDevTests.xctest */,
				8FF7D04D27F3C425003CBE1D /* GoDevDemo.app */,
			);
			name = Products;
			sourceTree = "<group>";
		};
		8FF7D03127F3C2E7003CBE1D /* GoDev */ = {
			isa = PBXGroup;
			children = (
				8FF7D06127F3C594003CBE1D /* Components */,
				8FF7D03227F3C2E7003CBE1D /* GoDev.h */,
				8FF7D03327F3C2E7003CBE1D /* GoDev.docc */,
			);
			path = GoDev;
			sourceTree = "<group>";
		};
		8FF7D03D27F3C2E7003CBE1D /* GoDevTests */ = {
			isa = PBXGroup;
			children = (
				8FF7D03E27F3C2E7003CBE1D /* GoDevTests.swift */,
			);
			path = GoDevTests;
			sourceTree = "<group>";
		};
		8FF7D04E27F3C425003CBE1D /* GoDevDemo */ = {
			isa = PBXGroup;
			children = (
				8FF7D04F27F3C425003CBE1D /* AppDelegate.swift */,
				8FF7D05127F3C425003CBE1D /* SceneDelegate.swift */,
				8FF7D05327F3C425003CBE1D /* ViewController.swift */,
				8FF7D05827F3C427003CBE1D /* Assets.xcassets */,
				8FF7D05A27F3C427003CBE1D /* LaunchScreen.storyboard */,
				8FF7D05D27F3C427003CBE1D /* Info.plist */,
			);
			path = GoDevDemo;
			sourceTree = "<group>";
		};
		8FF7D06127F3C594003CBE1D /* Components */ = {
			isa = PBXGroup;
			children = (
				8FF7D06B27F3D1B7003CBE1D /* View */,
				8FF7D06227F3C5AF003CBE1D /* Button */,
			);
			path = Components;
			sourceTree = "<group>";
		};
		8FF7D06227F3C5AF003CBE1D /* Button */ = {
			isa = PBXGroup;
			children = (
				8FF7D06327F3C5DE003CBE1D /* GoDevButton.swift */,
			);
			path = Button;
			sourceTree = "<group>";
		};
		8FF7D06527F3C65D003CBE1D /* Frameworks */ = {
			isa = PBXGroup;
			children = (
			);
			name = Frameworks;
			sourceTree = "<group>";
		};
		8FF7D06B27F3D1B7003CBE1D /* View */ = {
			isa = PBXGroup;
			children = (
				8FF7D06C27F3D1CE003CBE1D /* GoDevView.swift */,
			);
			path = View;
			sourceTree = "<group>";
		};
/* End PBXGroup section */

/* Begin PBXHeadersBuildPhase section */
		8FF7D02A27F3C2E7003CBE1D /* Headers */ = {
			isa = PBXHeadersBuildPhase;
			buildActionMask = 2147483647;
			files = (
				8FF7D04027F3C2E7003CBE1D /* GoDev.h in Headers */,
			);
			runOnlyForDeploymentPostprocessing = 0;
		};
/* End PBXHeadersBuildPhase section */

/* Begin PBXNativeTarget section */
		8FF7D02E27F3C2E7003CBE1D /* GoDev */ = {
			isa = PBXNativeTarget;
			buildConfigurationList = 8FF7D04327F3C2E7003CBE1D /* Build configuration list for PBXNativeTarget "GoDev" */;
			buildPhases = (
				8FF7D02A27F3C2E7003CBE1D /* Headers */,
				8FF7D02B27F3C2E7003CBE1D /* Sources */,
				8FF7D02C27F3C2E7003CBE1D /* Frameworks */,
				8FF7D02D27F3C2E7003CBE1D /* Resources */,
			);
			buildRules = (
			);
			dependencies = (
			);
			name = GoDev;
			productName = GoDev;
			productReference = 8FF7D02F27F3C2E7003CBE1D /* GoDev.framework */;
			productType = "com.apple.product-type.framework";
		};
		8FF7D03827F3C2E7003CBE1D /* GoDevTests */ = {
			isa = PBXNativeTarget;
			buildConfigurationList = 8FF7D04627F3C2E7003CBE1D /* Build configuration list for PBXNativeTarget "GoDevTests" */;
			buildPhases = (
				8FF7D03527F3C2E7003CBE1D /* Sources */,
				8FF7D03627F3C2E7003CBE1D /* Frameworks */,
				8FF7D03727F3C2E7003CBE1D /* Resources */,
			);
			buildRules = (
			);
			dependencies = (
				8FF7D03C27F3C2E7003CBE1D /* PBXTargetDependency */,
			);
			name = GoDevTests;
			productName = GoDevTests;
			productReference = 8FF7D03927F3C2E7003CBE1D /* GoDevTests.xctest */;
			productType = "com.apple.product-type.bundle.unit-test";
		};
		8FF7D04C27F3C425003CBE1D /* GoDevDemo */ = {
			isa = PBXNativeTarget;
			buildConfigurationList = 8FF7D05E27F3C427003CBE1D /* Build configuration list for PBXNativeTarget "GoDevDemo" */;
			buildPhases = (
				8FF7D04927F3C425003CBE1D /* Sources */,
				8FF7D04A27F3C425003CBE1D /* Frameworks */,
				8FF7D04B27F3C425003CBE1D /* Resources */,
				8FF7D06A27F3C65D003CBE1D /* Embed Frameworks */,
			);
			buildRules = (
			);
			dependencies = (
				8FF7D06927F3C65D003CBE1D /* PBXTargetDependency */,
			);
			name = GoDevDemo;
			productName = GoDevDemo;
			productReference = 8FF7D04D27F3C425003CBE1D /* GoDevDemo.app */;
			productType = "com.apple.product-type.application";
		};
/* End PBXNativeTarget section */

/* Begin PBXProject section */
		8FF7D02627F3C2E7003CBE1D /* Project object */ = {
			isa = PBXProject;
			attributes = {
				BuildIndependentTargetsInParallel = 1;
				LastSwiftUpdateCheck = 1330;
				LastUpgradeCheck = 1330;
				TargetAttributes = {
					8FF7D02E27F3C2E7003CBE1D = {
						CreatedOnToolsVersion = 13.3;
					};
					8FF7D03827F3C2E7003CBE1D = {
						CreatedOnToolsVersion = 13.3;
					};
					8FF7D04C27F3C425003CBE1D = {
						CreatedOnToolsVersion = 13.3;
					};
				};
			};
			buildConfigurationList = 8FF7D02927F3C2E7003CBE1D /* Build configuration list for PBXProject "GoDev" */;
			compatibilityVersion = "Xcode 13.0";
			developmentRegion = en;
			hasScannedForEncodings = 0;
			knownRegions = (
				en,
				Base,
			);
			mainGroup = 8FF7D02527F3C2E7003CBE1D;
			productRefGroup = 8FF7D03027F3C2E7003CBE1D /* Products */;
			projectDirPath = "";
			projectRoot = "";
			targets = (
				8FF7D02E27F3C2E7003CBE1D /* GoDev */,
				8FF7D03827F3C2E7003CBE1D /* GoDevTests */,
				8FF7D04C27F3C425003CBE1D /* GoDevDemo */,
			);
		};
/* End PBXProject section */

/* Begin PBXResourcesBuildPhase section */
		8FF7D02D27F3C2E7003CBE1D /* Resources */ = {
			isa = PBXResourcesBuildPhase;
			buildActionMask = 2147483647;
			files = (
			);
			runOnlyForDeploymentPostprocessing = 0;
		};
		8FF7D03727F3C2E7003CBE1D /* Resources */ = {
			isa = PBXResourcesBuildPhase;
			buildActionMask = 2147483647;
			files = (
			);
			runOnlyForDeploymentPostprocessing = 0;
		};
		8FF7D04B27F3C425003CBE1D /* Resources */ = {
			isa = PBXResourcesBuildPhase;
			buildActionMask = 2147483647;
			files = (
				8FF7D05C27F3C427003CBE1D /* LaunchScreen.storyboard in Resources */,
				8FF7D05927F3C427003CBE1D /* Assets.xcassets in Resources */,
			);
			runOnlyForDeploymentPostprocessing = 0;
		};
/* End PBXResourcesBuildPhase section */

/* Begin PBXSourcesBuildPhase section */
		8FF7D02B27F3C2E7003CBE1D /* Sources */ = {
			isa = PBXSourcesBuildPhase;
			buildActionMask = 2147483647;
			files = (
				8FF7D06D27F3D1CE003CBE1D /* GoDevView.swift in Sources */,
				8FF7D03427F3C2E7003CBE1D /* GoDev.docc in Sources */,
				8FF7D06427F3C5DE003CBE1D /* GoDevButton.swift in Sources */,
			);
			runOnlyForDeploymentPostprocessing = 0;
		};
		8FF7D03527F3C2E7003CBE1D /* Sources */ = {
			isa = PBXSourcesBuildPhase;
			buildActionMask = 2147483647;
			files = (
				8FF7D03F27F3C2E7003CBE1D /* GoDevTests.swift in Sources */,
			);
			runOnlyForDeploymentPostprocessing = 0;
		};
		8FF7D04927F3C425003CBE1D /* Sources */ = {
			isa = PBXSourcesBuildPhase;
			buildActionMask = 2147483647;
			files = (
				8FF7D05427F3C425003CBE1D /* ViewController.swift in Sources */,
				8FF7D05027F3C425003CBE1D /* AppDelegate.swift in Sources */,
				8FF7D05227F3C425003CBE1D /* SceneDelegate.swift in Sources */,
			);
			runOnlyForDeploymentPostprocessing = 0;
		};
/* End PBXSourcesBuildPhase section */

/* Begin PBXTargetDependency section */
		8FF7D03C27F3C2E7003CBE1D /* PBXTargetDependency */ = {
			isa = PBXTargetDependency;
			target = 8FF7D02E27F3C2E7003CBE1D /* GoDev */;
			targetProxy = 8FF7D03B27F3C2E7003CBE1D /* PBXContainerItemProxy */;
		};
		8FF7D06927F3C65D003CBE1D /* PBXTargetDependency */ = {
			isa = PBXTargetDependency;
			platformFilter = ios;
			target = 8FF7D02E27F3C2E7003CBE1D /* GoDev */;
			targetProxy = 8FF7D06827F3C65D003CBE1D /* PBXContainerItemProxy */;
		};
/* End PBXTargetDependency section */

/* Begin PBXVariantGroup section */
		8FF7D05A27F3C427003CBE1D /* LaunchScreen.storyboard */ = {
			isa = PBXVariantGroup;
			children = (
				8FF7D05B27F3C427003CBE1D /* Base */,
			);
			name = LaunchScreen.storyboard;
			sourceTree = "<group>";
		};
/* End PBXVariantGroup section */

/* Begin XCBuildConfiguration section */
		8FF7D04127F3C2E7003CBE1D /* Debug */ = {
			isa = XCBuildConfiguration;
			buildSettings = {
				ALWAYS_SEARCH_USER_PATHS = NO;
				CLANG_ANALYZER_NONNULL = YES;
				CLANG_ANALYZER_NUMBER_OBJECT_CONVERSION = YES_AGGRESSIVE;
				CLANG_CXX_LANGUAGE_STANDARD = "gnu++17";
				CLANG_ENABLE_MODULES = YES;
				CLANG_ENABLE_OBJC_ARC = YES;
				CLANG_ENABLE_OBJC_WEAK = YES;
				CLANG_WARN_BLOCK_CAPTURE_AUTORELEASING = YES;
				CLANG_WARN_BOOL_CONVERSION = YES;
				CLANG_WARN_COMMA = YES;
				CLANG_WARN_CONSTANT_CONVERSION = YES;
				CLANG_WARN_DEPRECATED_OBJC_IMPLEMENTATIONS = YES;
				CLANG_WARN_DIRECT_OBJC_ISA_USAGE = YES_ERROR;
				CLANG_WARN_DOCUMENTATION_COMMENTS = YES;
				CLANG_WARN_EMPTY_BODY = YES;
				CLANG_WARN_ENUM_CONVERSION = YES;
				CLANG_WARN_INFINITE_RECURSION = YES;
				CLANG_WARN_INT_CONVERSION = YES;
				CLANG_WARN_NON_LITERAL_NULL_CONVERSION = YES;
				CLANG_WARN_OBJC_IMPLICIT_RETAIN_SELF = YES;
				CLANG_WARN_OBJC_LITERAL_CONVERSION = YES;
				CLANG_WARN_OBJC_ROOT_CLASS = YES_ERROR;
				CLANG_WARN_QUOTED_INCLUDE_IN_FRAMEWORK_HEADER = YES;
				CLANG_WARN_RANGE_LOOP_ANALYSIS = YES;
				CLANG_WARN_STRICT_PROTOTYPES = YES;
				CLANG_WARN_SUSPICIOUS_MOVE = YES;
				CLANG_WARN_UNGUARDED_AVAILABILITY = YES_AGGRESSIVE;
				CLANG_WARN_UNREACHABLE_CODE = YES;
				CLANG_WARN__DUPLICATE_METHOD_MATCH = YES;
				COPY_PHASE_STRIP = NO;
				CURRENT_PROJECT_VERSION = 1;
				DEBUG_INFORMATION_FORMAT = dwarf;
				ENABLE_STRICT_OBJC_MSGSEND = YES;
				ENABLE_TESTABILITY = YES;
				GCC_C_LANGUAGE_STANDARD = gnu11;
				GCC_DYNAMIC_NO_PIC = NO;
				GCC_NO_COMMON_BLOCKS = YES;
				GCC_OPTIMIZATION_LEVEL = 0;
				GCC_PREPROCESSOR_DEFINITIONS = (
					"DEBUG=1",
					"$(inherited)",
				);
				GCC_WARN_64_TO_32_BIT_CONVERSION = YES;
				GCC_WARN_ABOUT_RETURN_TYPE = YES_ERROR;
				GCC_WARN_UNDECLARED_SELECTOR = YES;
				GCC_WARN_UNINITIALIZED_AUTOS = YES_AGGRESSIVE;
				GCC_WARN_UNUSED_FUNCTION = YES;
				GCC_WARN_UNUSED_VARIABLE = YES;
				IPHONEOS_DEPLOYMENT_TARGET = 15.4;
				MTL_ENABLE_DEBUG_INFO = INCLUDE_SOURCE;
				MTL_FAST_MATH = YES;
				ONLY_ACTIVE_ARCH = YES;
				SDKROOT = iphoneos;
				SWIFT_ACTIVE_COMPILATION_CONDITIONS = DEBUG;
				SWIFT_OPTIMIZATION_LEVEL = "-Onone";
				VERSIONING_SYSTEM = "apple-generic";
				VERSION_INFO_PREFIX = "";
			};
			name = Debug;
		};
		8FF7D04227F3C2E7003CBE1D /* Release */ = {
			isa = XCBuildConfiguration;
			buildSettings = {
				ALWAYS_SEARCH_USER_PATHS = NO;
				CLANG_ANALYZER_NONNULL = YES;
				CLANG_ANALYZER_NUMBER_OBJECT_CONVERSION = YES_AGGRESSIVE;
				CLANG_CXX_LANGUAGE_STANDARD = "gnu++17";
				CLANG_ENABLE_MODULES = YES;
				CLANG_ENABLE_OBJC_ARC = YES;
				CLANG_ENABLE_OBJC_WEAK = YES;
				CLANG_WARN_BLOCK_CAPTURE_AUTORELEASING = YES;
				CLANG_WARN_BOOL_CONVERSION = YES;
				CLANG_WARN_COMMA = YES;
				CLANG_WARN_CONSTANT_CONVERSION = YES;
				CLANG_WARN_DEPRECATED_OBJC_IMPLEMENTATIONS = YES;
				CLANG_WARN_DIRECT_OBJC_ISA_USAGE = YES_ERROR;
				CLANG_WARN_DOCUMENTATION_COMMENTS = YES;
				CLANG_WARN_EMPTY_BODY = YES;
				CLANG_WARN_ENUM_CONVERSION = YES;
				CLANG_WARN_INFINITE_RECURSION = YES;
				CLANG_WARN_INT_CONVERSION = YES;
				CLANG_WARN_NON_LITERAL_NULL_CONVERSION = YES;
				CLANG_WARN_OBJC_IMPLICIT_RETAIN_SELF = YES;
				CLANG_WARN_OBJC_LITERAL_CONVERSION = YES;
				CLANG_WARN_OBJC_ROOT_CLASS = YES_ERROR;
				CLANG_WARN_QUOTED_INCLUDE_IN_FRAMEWORK_HEADER = YES;
				CLANG_WARN_RANGE_LOOP_ANALYSIS = YES;
				CLANG_WARN_STRICT_PROTOTYPES = YES;
				CLANG_WARN_SUSPICIOUS_MOVE = YES;
				CLANG_WARN_UNGUARDED_AVAILABILITY = YES_AGGRESSIVE;
				CLANG_WARN_UNREACHABLE_CODE = YES;
				CLANG_WARN__DUPLICATE_METHOD_MATCH = YES;
				COPY_PHASE_STRIP = NO;
				CURRENT_PROJECT_VERSION = 1;
				DEBUG_INFORMATION_FORMAT = "dwarf-with-dsym";
				ENABLE_NS_ASSERTIONS = NO;
				ENABLE_STRICT_OBJC_MSGSEND = YES;
				GCC_C_LANGUAGE_STANDARD = gnu11;
				GCC_NO_COMMON_BLOCKS = YES;
				GCC_WARN_64_TO_32_BIT_CONVERSION = YES;
				GCC_WARN_ABOUT_RETURN_TYPE = YES_ERROR;
				GCC_WARN_UNDECLARED_SELECTOR = YES;
				GCC_WARN_UNINITIALIZED_AUTOS = YES_AGGRESSIVE;
				GCC_WARN_UNUSED_FUNCTION = YES;
				GCC_WARN_UNUSED_VARIABLE = YES;
				IPHONEOS_DEPLOYMENT_TARGET = 15.4;
				MTL_ENABLE_DEBUG_INFO = NO;
				MTL_FAST_MATH = YES;
				SDKROOT = iphoneos;
				SWIFT_COMPILATION_MODE = wholemodule;
				SWIFT_OPTIMIZATION_LEVEL = "-O";
				VALIDATE_PRODUCT = YES;
				VERSIONING_SYSTEM = "apple-generic";
				VERSION_INFO_PREFIX = "";
			};
			name = Release;
		};
		8FF7D04427F3C2E7003CBE1D /* Debug */ = {
			isa = XCBuildConfiguration;
			buildSettings = {
				CODE_SIGN_STYLE = Automatic;
				CURRENT_PROJECT_VERSION = 1;
				DEFINES_MODULE = YES;
				DEVELOPMENT_TEAM = PWY5J637BZ;
				DYLIB_COMPATIBILITY_VERSION = 1;
				DYLIB_CURRENT_VERSION = 1;
				DYLIB_INSTALL_NAME_BASE = "@rpath";
				GENERATE_INFOPLIST_FILE = YES;
				INFOPLIST_KEY_NSHumanReadableCopyright = "";
				INSTALL_PATH = "$(LOCAL_LIBRARY_DIR)/Frameworks";
				IPHONEOS_DEPLOYMENT_TARGET = 13.0;
				LD_RUNPATH_SEARCH_PATHS = (
					"$(inherited)",
					"@executable_path/Frameworks",
					"@loader_path/Frameworks",
				);
				MARKETING_VERSION = 1.0;
				PRODUCT_BUNDLE_IDENTIFIER = com.doug.GoDev;
				PRODUCT_NAME = "$(TARGET_NAME:c99extidentifier)";
				SKIP_INSTALL = YES;
				SUPPORTS_MACCATALYST = NO;
				SWIFT_EMIT_LOC_STRINGS = YES;
				SWIFT_VERSION = 5.0;
				TARGETED_DEVICE_FAMILY = 1;
			};
			name = Debug;
		};
		8FF7D04527F3C2E7003CBE1D /* Release */ = {
			isa = XCBuildConfiguration;
			buildSettings = {
				CODE_SIGN_STYLE = Automatic;
				CURRENT_PROJECT_VERSION = 1;
				DEFINES_MODULE = YES;
				DEVELOPMENT_TEAM = PWY5J637BZ;
				DYLIB_COMPATIBILITY_VERSION = 1;
				DYLIB_CURRENT_VERSION = 1;
				DYLIB_INSTALL_NAME_BASE = "@rpath";
				GENERATE_INFOPLIST_FILE = YES;
				INFOPLIST_KEY_NSHumanReadableCopyright = "";
				INSTALL_PATH = "$(LOCAL_LIBRARY_DIR)/Frameworks";
				IPHONEOS_DEPLOYMENT_TARGET = 13.0;
				LD_RUNPATH_SEARCH_PATHS = (
					"$(inherited)",
					"@executable_path/Frameworks",
					"@loader_path/Frameworks",
				);
				MARKETING_VERSION = 1.0;
				PRODUCT_BUNDLE_IDENTIFIER = com.doug.GoDev;
				PRODUCT_NAME = "$(TARGET_NAME:c99extidentifier)";
				SKIP_INSTALL = YES;
				SUPPORTS_MACCATALYST = NO;
				SWIFT_EMIT_LOC_STRINGS = YES;
				SWIFT_VERSION = 5.0;
				TARGETED_DEVICE_FAMILY = 1;
			};
			name = Release;
		};
		8FF7D04727F3C2E7003CBE1D /* Debug */ = {
			isa = XCBuildConfiguration;
			buildSettings = {
				ALWAYS_EMBED_SWIFT_STANDARD_LIBRARIES = YES;
				CODE_SIGN_STYLE = Automatic;
				CURRENT_PROJECT_VERSION = 1;
				DEVELOPMENT_TEAM = PWY5J637BZ;
				GENERATE_INFOPLIST_FILE = YES;
				MARKETING_VERSION = 1.0;
				PRODUCT_BUNDLE_IDENTIFIER = com.doug.GoDevTests;
				PRODUCT_NAME = "$(TARGET_NAME)";
				SWIFT_EMIT_LOC_STRINGS = NO;
				SWIFT_VERSION = 5.0;
				TARGETED_DEVICE_FAMILY = "1,2";
			};
			name = Debug;
		};
		8FF7D04827F3C2E7003CBE1D /* Release */ = {
			isa = XCBuildConfiguration;
			buildSettings = {
				ALWAYS_EMBED_SWIFT_STANDARD_LIBRARIES = YES;
				CODE_SIGN_STYLE = Automatic;
				CURRENT_PROJECT_VERSION = 1;
				DEVELOPMENT_TEAM = PWY5J637BZ;
				GENERATE_INFOPLIST_FILE = YES;
				MARKETING_VERSION = 1.0;
				PRODUCT_BUNDLE_IDENTIFIER = com.doug.GoDevTests;
				PRODUCT_NAME = "$(TARGET_NAME)";
				SWIFT_EMIT_LOC_STRINGS = NO;
				SWIFT_VERSION = 5.0;
				TARGETED_DEVICE_FAMILY = "1,2";
			};
			name = Release;
		};
		8FF7D05F27F3C427003CBE1D /* Debug */ = {
			isa = XCBuildConfiguration;
			buildSettings = {
				ASSETCATALOG_COMPILER_APPICON_NAME = AppIcon;
				ASSETCATALOG_COMPILER_GLOBAL_ACCENT_COLOR_NAME = AccentColor;
				CODE_SIGN_STYLE = Automatic;
				CURRENT_PROJECT_VERSION = 1;
				DEVELOPMENT_TEAM = PWY5J637BZ;
				GENERATE_INFOPLIST_FILE = YES;
				INFOPLIST_FILE = GoDevDemo/Info.plist;
				INFOPLIST_KEY_UIApplicationSupportsIndirectInputEvents = YES;
				INFOPLIST_KEY_UILaunchStoryboardName = LaunchScreen;
				INFOPLIST_KEY_UISupportedInterfaceOrientations_iPad = "UIInterfaceOrientationPortrait UIInterfaceOrientationPortraitUpsideDown UIInterfaceOrientationLandscapeLeft UIInterfaceOrientationLandscapeRight";
				INFOPLIST_KEY_UISupportedInterfaceOrientations_iPhone = "UIInterfaceOrientationPortrait UIInterfaceOrientationLandscapeLeft UIInterfaceOrientationLandscapeRight";
				IPHONEOS_DEPLOYMENT_TARGET = 13.0;
				LD_RUNPATH_SEARCH_PATHS = (
					"$(inherited)",
					"@executable_path/Frameworks",
				);
				MARKETING_VERSION = 1.0;
				PRODUCT_BUNDLE_IDENTIFIER = com.doug.GoDevDemo;
				PRODUCT_NAME = "$(TARGET_NAME)";
				SWIFT_EMIT_LOC_STRINGS = YES;
				SWIFT_VERSION = 5.0;
				TARGETED_DEVICE_FAMILY = 1;
			};
			name = Debug;
		};
		8FF7D06027F3C427003CBE1D /* Release */ = {
			isa = XCBuildConfiguration;
			buildSettings = {
				ASSETCATALOG_COMPILER_APPICON_NAME = AppIcon;
				ASSETCATALOG_COMPILER_GLOBAL_ACCENT_COLOR_NAME = AccentColor;
				CODE_SIGN_STYLE = Automatic;
				CURRENT_PROJECT_VERSION = 1;
				DEVELOPMENT_TEAM = PWY5J637BZ;
				GENERATE_INFOPLIST_FILE = YES;
				INFOPLIST_FILE = GoDevDemo/Info.plist;
				INFOPLIST_KEY_UIApplicationSupportsIndirectInputEvents = YES;
				INFOPLIST_KEY_UILaunchStoryboardName = LaunchScreen;
				INFOPLIST_KEY_UISupportedInterfaceOrientations_iPad = "UIInterfaceOrientationPortrait UIInterfaceOrientationPortraitUpsideDown UIInterfaceOrientationLandscapeLeft UIInterfaceOrientationLandscapeRight";
				INFOPLIST_KEY_UISupportedInterfaceOrientations_iPhone = "UIInterfaceOrientationPortrait UIInterfaceOrientationLandscapeLeft UIInterfaceOrientationLandscapeRight";
				IPHONEOS_DEPLOYMENT_TARGET = 13.0;
				LD_RUNPATH_SEARCH_PATHS = (
					"$(inherited)",
					"@executable_path/Frameworks",
				);
				MARKETING_VERSION = 1.0;
				PRODUCT_BUNDLE_IDENTIFIER = com.doug.GoDevDemo;
				PRODUCT_NAME = "$(TARGET_NAME)";
				SWIFT_EMIT_LOC_STRINGS = YES;
				SWIFT_VERSION = 5.0;
				TARGETED_DEVICE_FAMILY = 1;
			};
			name = Release;
		};
/* End XCBuildConfiguration section */

/* Begin XCConfigurationList section */
		8FF7D02927F3C2E7003CBE1D /* Build configuration list for PBXProject "GoDev" */ = {
			isa = XCConfigurationList;
			buildConfigurations = (
				8FF7D04127F3C2E7003CBE1D /* Debug */,
				8FF7D04227F3C2E7003CBE1D /* Release */,
			);
			defaultConfigurationIsVisible = 0;
			defaultConfigurationName = Release;
		};
		8FF7D04327F3C2E7003CBE1D /* Build configuration list for PBXNativeTarget "GoDev" */ = {
			isa = XCConfigurationList;
			buildConfigurations = (
				8FF7D04427F3C2E7003CBE1D /* Debug */,
				8FF7D04527F3C2E7003CBE1D /* Release */,
			);
			defaultConfigurationIsVisible = 0;
			defaultConfigurationName = Release;
		};
		8FF7D04627F3C2E7003CBE1D /* Build configuration list for PBXNativeTarget "GoDevTests" */ = {
			isa = XCConfigurationList;
			buildConfigurations = (
				8FF7D04727F3C2E7003CBE1D /* Debug */,
				8FF7D04827F3C2E7003CBE1D /* Release */,
			);
			defaultConfigurationIsVisible = 0;
			defaultConfigurationName = Release;
		};
		8FF7D05E27F3C427003CBE1D /* Build configuration list for PBXNativeTarget "GoDevDemo" */ = {
			isa = XCConfigurationList;
			buildConfigurations = (
				8FF7D05F27F3C427003CBE1D /* Debug */,
				8FF7D06027F3C427003CBE1D /* Release */,
			);
			defaultConfigurationIsVisible = 0;
			defaultConfigurationName = Release;
		};
/* End XCConfigurationList section */
	};
	rootObject = 8FF7D02627F3C2E7003CBE1D /* Project object */;
}
